// !$*UTF8*$!
{
	archiveVersion = 1;
	classes = {
	};
	objectVersion = 55;
	objects = {

/* Begin PBXBuildFile section */
		A5B6164C279F275700B21167 /* AppDelegate.swift in Sources */ = {isa = PBXBuildFile; fileRef = A5B6164B279F275700B21167 /* AppDelegate.swift */; };
		A5B6164E279F275700B21167 /* SceneDelegate.swift in Sources */ = {isa = PBXBuildFile; fileRef = A5B6164D279F275700B21167 /* SceneDelegate.swift */; };
		A5B61650279F275700B21167 /* ViewController.swift in Sources */ = {isa = PBXBuildFile; fileRef = A5B6164F279F275700B21167 /* ViewController.swift */; };
		A5B61653279F275700B21167 /* Main.storyboard in Resources */ = {isa = PBXBuildFile; fileRef = A5B61651279F275700B21167 /* Main.storyboard */; };
		A5B61655279F275A00B21167 /* Assets.xcassets in Resources */ = {isa = PBXBuildFile; fileRef = A5B61654279F275A00B21167 /* Assets.xcassets */; };
		A5B61658279F275A00B21167 /* LaunchScreen.storyboard in Resources */ = {isa = PBXBuildFile; fileRef = A5B61656279F275A00B21167 /* LaunchScreen.storyboard */; };
		A5C7E589279F6550000F3966 /* Movie.swift in Sources */ = {isa = PBXBuildFile; fileRef = A5C7E588279F6550000F3966 /* Movie.swift */; };
		A5C7E58B279F656E000F3966 /* MovieQuery.swift in Sources */ = {isa = PBXBuildFile; fileRef = A5C7E58A279F656E000F3966 /* MovieQuery.swift */; };
		A5C7E58F279F65A5000F3966 /* MoviesRepository.swift in Sources */ = {isa = PBXBuildFile; fileRef = A5C7E58E279F65A5000F3966 /* MoviesRepository.swift */; };
		A5C7E592279F6678000F3966 /* Cancelable.swift in Sources */ = {isa = PBXBuildFile; fileRef = A5C7E591279F6678000F3966 /* Cancelable.swift */; };
		A5C7E596279F66D9000F3966 /* UseCase.swift in Sources */ = {isa = PBXBuildFile; fileRef = A5C7E595279F66D9000F3966 /* UseCase.swift */; };
		A5C7E599279F6701000F3966 /* SearchMoviesUseCase.swift in Sources */ = {isa = PBXBuildFile; fileRef = A5C7E598279F6701000F3966 /* SearchMoviesUseCase.swift */; };
		A5C7E59C279F672F000F3966 /* FetchRecentMovieQueriesUseCase.swift in Sources */ = {isa = PBXBuildFile; fileRef = A5C7E59B279F672F000F3966 /* FetchRecentMovieQueriesUseCase.swift */; };
		A5C7E59F279F6762000F3966 /* MoviesQueriesRepository.swift in Sources */ = {isa = PBXBuildFile; fileRef = A5C7E59E279F6762000F3966 /* MoviesQueriesRepository.swift */; };
		A5C7E5A1279F677B000F3966 /* PosterImagesRepository.swift in Sources */ = {isa = PBXBuildFile; fileRef = A5C7E5A0279F677B000F3966 /* PosterImagesRepository.swift */; };
/* End PBXBuildFile section */

/* Begin PBXFileReference section */
		A5B61648279F275700B21167 /* CleanArchitecture.app */ = {isa = PBXFileReference; explicitFileType = wrapper.application; includeInIndex = 0; path = CleanArchitecture.app; sourceTree = BUILT_PRODUCTS_DIR; };
		A5B6164B279F275700B21167 /* AppDelegate.swift */ = {isa = PBXFileReference; lastKnownFileType = sourcecode.swift; path = AppDelegate.swift; sourceTree = "<group>"; };
		A5B6164D279F275700B21167 /* SceneDelegate.swift */ = {isa = PBXFileReference; lastKnownFileType = sourcecode.swift; path = SceneDelegate.swift; sourceTree = "<group>"; };
		A5B6164F279F275700B21167 /* ViewController.swift */ = {isa = PBXFileReference; lastKnownFileType = sourcecode.swift; path = ViewController.swift; sourceTree = "<group>"; };
		A5B61652279F275700B21167 /* Base */ = {isa = PBXFileReference; lastKnownFileType = file.storyboard; name = Base; path = Base.lproj/Main.storyboard; sourceTree = "<group>"; };
		A5B61654279F275A00B21167 /* Assets.xcassets */ = {isa = PBXFileReference; lastKnownFileType = folder.assetcatalog; path = Assets.xcassets; sourceTree = "<group>"; };
		A5B61657279F275A00B21167 /* Base */ = {isa = PBXFileReference; lastKnownFileType = file.storyboard; name = Base; path = Base.lproj/LaunchScreen.storyboard; sourceTree = "<group>"; };
		A5B61659279F275A00B21167 /* Info.plist */ = {isa = PBXFileReference; lastKnownFileType = text.plist.xml; name = Info.plist; path = CleanArchitecture/Resources/Info.plist; sourceTree = SOURCE_ROOT; };
		A5C7E588279F6550000F3966 /* Movie.swift */ = {isa = PBXFileReference; lastKnownFileType = sourcecode.swift; path = Movie.swift; sourceTree = "<group>"; };
		A5C7E58A279F656E000F3966 /* MovieQuery.swift */ = {isa = PBXFileReference; lastKnownFileType = sourcecode.swift; path = MovieQuery.swift; sourceTree = "<group>"; };
		A5C7E58E279F65A5000F3966 /* MoviesRepository.swift */ = {isa = PBXFileReference; lastKnownFileType = sourcecode.swift; path = MoviesRepository.swift; sourceTree = "<group>"; };
		A5C7E591279F6678000F3966 /* Cancelable.swift */ = {isa = PBXFileReference; lastKnownFileType = sourcecode.swift; path = Cancelable.swift; sourceTree = "<group>"; };
		A5C7E595279F66D9000F3966 /* UseCase.swift */ = {isa = PBXFileReference; lastKnownFileType = sourcecode.swift; path = UseCase.swift; sourceTree = "<group>"; };
		A5C7E598279F6701000F3966 /* SearchMoviesUseCase.swift */ = {isa = PBXFileReference; lastKnownFileType = sourcecode.swift; path = SearchMoviesUseCase.swift; sourceTree = "<group>"; };
		A5C7E59B279F672F000F3966 /* FetchRecentMovieQueriesUseCase.swift */ = {isa = PBXFileReference; lastKnownFileType = sourcecode.swift; path = FetchRecentMovieQueriesUseCase.swift; sourceTree = "<group>"; };
		A5C7E59E279F6762000F3966 /* MoviesQueriesRepository.swift */ = {isa = PBXFileReference; lastKnownFileType = sourcecode.swift; path = MoviesQueriesRepository.swift; sourceTree = "<group>"; };
		A5C7E5A0279F677B000F3966 /* PosterImagesRepository.swift */ = {isa = PBXFileReference; lastKnownFileType = sourcecode.swift; path = PosterImagesRepository.swift; sourceTree = "<group>"; };
		A5C7E5A2279F6A1C000F3966 /* Config.xcconfig */ = {isa = PBXFileReference; lastKnownFileType = text.xcconfig; path = Config.xcconfig; sourceTree = "<group>"; };
/* End PBXFileReference section */

/* Begin PBXFrameworksBuildPhase section */
		A5B61645279F275700B21167 /* Frameworks */ = {
			isa = PBXFrameworksBuildPhase;
			buildActionMask = 2147483647;
			files = (
			);
			runOnlyForDeploymentPostprocessing = 0;
		};
/* End PBXFrameworksBuildPhase section */

/* Begin PBXGroup section */
		A5B6163F279F275700B21167 = {
			isa = PBXGroup;
			children = (
				A5B6164A279F275700B21167 /* CleanArchitecture */,
				A5B61649279F275700B21167 /* Products */,
			);
			sourceTree = "<group>";
		};
		A5B61649279F275700B21167 /* Products */ = {
			isa = PBXGroup;
			children = (
				A5B61648279F275700B21167 /* CleanArchitecture.app */,
			);
			name = Products;
			sourceTree = "<group>";
		};
		A5B6164A279F275700B21167 /* CleanArchitecture */ = {
			isa = PBXGroup;
			children = (
				A5B6165F279F27D100B21167 /* Application */,
				A5C7E582279F64DE000F3966 /* Presentation */,
				A5C7E583279F64E8000F3966 /* Domain */,
				A5C7E584279F64EE000F3966 /* Data */,
				A5C7E585279F64F9000F3966 /* Infrastructure */,
				A5C7E590279F6667000F3966 /* Common */,
				A5C7E586279F6511000F3966 /* Resources */,
				A5B6164F279F275700B21167 /* ViewController.swift */,
			);
			path = CleanArchitecture;
			sourceTree = "<group>";
		};
		A5B6165F279F27D100B21167 /* Application */ = {
			isa = PBXGroup;
			children = (
				A5B6164B279F275700B21167 /* AppDelegate.swift */,
				A5B6164D279F275700B21167 /* SceneDelegate.swift */,
			);
			path = Application;
			sourceTree = "<group>";
		};
		A5C7E582279F64DE000F3966 /* Presentation */ = {
			isa = PBXGroup;
			children = (
			);
			path = Presentation;
			sourceTree = "<group>";
		};
		A5C7E583279F64E8000F3966 /* Domain */ = {
			isa = PBXGroup;
			children = (
				A5C7E587279F6546000F3966 /* Entities */,
				A5C7E593279F66C0000F3966 /* UseCases */,
				A5C7E58C279F658A000F3966 /* Interfaces */,
			);
			path = Domain;
			sourceTree = "<group>";
		};
		A5C7E584279F64EE000F3966 /* Data */ = {
			isa = PBXGroup;
			children = (
			);
			path = Data;
			sourceTree = "<group>";
		};
		A5C7E585279F64F9000F3966 /* Infrastructure */ = {
			isa = PBXGroup;
			children = (
			);
			path = Infrastructure;
			sourceTree = "<group>";
		};
		A5C7E586279F6511000F3966 /* Resources */ = {
			isa = PBXGroup;
			children = (
				A5B61659279F275A00B21167 /* Info.plist */,
				A5B61656279F275A00B21167 /* LaunchScreen.storyboard */,
				A5B61651279F275700B21167 /* Main.storyboard */,
				A5B61654279F275A00B21167 /* Assets.xcassets */,
				A5C7E5A2279F6A1C000F3966 /* Config.xcconfig */,
			);
			path = Resources;
			sourceTree = "<group>";
		};
		A5C7E587279F6546000F3966 /* Entities */ = {
			isa = PBXGroup;
			children = (
				A5C7E588279F6550000F3966 /* Movie.swift */,
				A5C7E58A279F656E000F3966 /* MovieQuery.swift */,
			);
			path = Entities;
			sourceTree = "<group>";
		};
		A5C7E58C279F658A000F3966 /* Interfaces */ = {
			isa = PBXGroup;
			children = (
				A5C7E58D279F6593000F3966 /* Repositories */,
			);
			path = Interfaces;
			sourceTree = "<group>";
		};
		A5C7E58D279F6593000F3966 /* Repositories */ = {
			isa = PBXGroup;
			children = (
				A5C7E58E279F65A5000F3966 /* MoviesRepository.swift */,
				A5C7E59E279F6762000F3966 /* MoviesQueriesRepository.swift */,
				A5C7E5A0279F677B000F3966 /* PosterImagesRepository.swift */,
			);
			path = Repositories;
			sourceTree = "<group>";
		};
		A5C7E590279F6667000F3966 /* Common */ = {
			isa = PBXGroup;
			children = (
				A5C7E591279F6678000F3966 /* Cancelable.swift */,
			);
			path = Common;
			sourceTree = "<group>";
		};
		A5C7E593279F66C0000F3966 /* UseCases */ = {
			isa = PBXGroup;
			children = (
				A5C7E59A279F6710000F3966 /* FetchRecentMovieQueries */,
				A5C7E597279F66F1000F3966 /* SearchMovies */,
				A5C7E594279F66CD000F3966 /* Protocol */,
			);
			path = UseCases;
			sourceTree = "<group>";
		};
		A5C7E594279F66CD000F3966 /* Protocol */ = {
			isa = PBXGroup;
			children = (
				A5C7E595279F66D9000F3966 /* UseCase.swift */,
			);
			path = Protocol;
			sourceTree = "<group>";
		};
		A5C7E597279F66F1000F3966 /* SearchMovies */ = {
			isa = PBXGroup;
			children = (
				A5C7E598279F6701000F3966 /* SearchMoviesUseCase.swift */,
			);
			path = SearchMovies;
			sourceTree = "<group>";
		};
		A5C7E59A279F6710000F3966 /* FetchRecentMovieQueries */ = {
			isa = PBXGroup;
			children = (
				A5C7E59B279F672F000F3966 /* FetchRecentMovieQueriesUseCase.swift */,
			);
			path = FetchRecentMovieQueries;
			sourceTree = "<group>";
		};
/* End PBXGroup section */

/* Begin PBXNativeTarget section */
		A5B61647279F275700B21167 /* CleanArchitecture */ = {
			isa = PBXNativeTarget;
			buildConfigurationList = A5B6165C279F275A00B21167 /* Build configuration list for PBXNativeTarget "CleanArchitecture" */;
			buildPhases = (
				A5B61644279F275700B21167 /* Sources */,
				A5B61645279F275700B21167 /* Frameworks */,
				A5B61646279F275700B21167 /* Resources */,
			);
			buildRules = (
			);
			dependencies = (
			);
			name = CleanArchitecture;
			productName = CleanArchitecture;
			productReference = A5B61648279F275700B21167 /* CleanArchitecture.app */;
			productType = "com.apple.product-type.application";
		};
/* End PBXNativeTarget section */

/* Begin PBXProject section */
		A5B61640279F275700B21167 /* Project object */ = {
			isa = PBXProject;
			attributes = {
				BuildIndependentTargetsInParallel = 1;
				LastSwiftUpdateCheck = 1310;
				LastUpgradeCheck = 1310;
				TargetAttributes = {
					A5B61647279F275700B21167 = {
						CreatedOnToolsVersion = 13.1;
					};
				};
			};
			buildConfigurationList = A5B61643279F275700B21167 /* Build configuration list for PBXProject "CleanArchitecture" */;
			compatibilityVersion = "Xcode 13.0";
			developmentRegion = en;
			hasScannedForEncodings = 0;
			knownRegions = (
				en,
				Base,
			);
			mainGroup = A5B6163F279F275700B21167;
			productRefGroup = A5B61649279F275700B21167 /* Products */;
			projectDirPath = "";
			projectRoot = "";
			targets = (
				A5B61647279F275700B21167 /* CleanArchitecture */,
			);
		};
/* End PBXProject section */

/* Begin PBXResourcesBuildPhase section */
		A5B61646279F275700B21167 /* Resources */ = {
			isa = PBXResourcesBuildPhase;
			buildActionMask = 2147483647;
			files = (
				A5B61658279F275A00B21167 /* LaunchScreen.storyboard in Resources */,
				A5B61655279F275A00B21167 /* Assets.xcassets in Resources */,
				A5B61653279F275700B21167 /* Main.storyboard in Resources */,
			);
			runOnlyForDeploymentPostprocessing = 0;
		};
/* End PBXResourcesBuildPhase section */

/* Begin PBXSourcesBuildPhase section */
		A5B61644279F275700B21167 /* Sources */ = {
			isa = PBXSourcesBuildPhase;
			buildActionMask = 2147483647;
			files = (
				A5B61650279F275700B21167 /* ViewController.swift in Sources */,
				A5C7E596279F66D9000F3966 /* UseCase.swift in Sources */,
				A5C7E5A1279F677B000F3966 /* PosterImagesRepository.swift in Sources */,
				A5C7E59F279F6762000F3966 /* MoviesQueriesRepository.swift in Sources */,
				A5C7E58B279F656E000F3966 /* MovieQuery.swift in Sources */,
				A5B6164C279F275700B21167 /* AppDelegate.swift in Sources */,
				A5C7E599279F6701000F3966 /* SearchMoviesUseCase.swift in Sources */,
				A5C7E59C279F672F000F3966 /* FetchRecentMovieQueriesUseCase.swift in Sources */,
				A5C7E589279F6550000F3966 /* Movie.swift in Sources */,
				A5C7E58F279F65A5000F3966 /* MoviesRepository.swift in Sources */,
				A5B6164E279F275700B21167 /* SceneDelegate.swift in Sources */,
				A5C7E592279F6678000F3966 /* Cancelable.swift in Sources */,
			);
			runOnlyForDeploymentPostprocessing = 0;
		};
/* End PBXSourcesBuildPhase section */

/* Begin PBXVariantGroup section */
		A5B61651279F275700B21167 /* Main.storyboard */ = {
			isa = PBXVariantGroup;
			children = (
				A5B61652279F275700B21167 /* Base */,
			);
			name = Main.storyboard;
			sourceTree = "<group>";
		};
		A5B61656279F275A00B21167 /* LaunchScreen.storyboard */ = {
			isa = PBXVariantGroup;
			children = (
				A5B61657279F275A00B21167 /* Base */,
			);
			name = LaunchScreen.storyboard;
			sourceTree = "<group>";
		};
/* End PBXVariantGroup section */

/* Begin XCBuildConfiguration section */
		A5B6165A279F275A00B21167 /* Debug */ = {
			isa = XCBuildConfiguration;
			baseConfigurationReference = A5C7E5A2279F6A1C000F3966 /* Config.xcconfig */;
			buildSettings = {
				ALWAYS_SEARCH_USER_PATHS = NO;
				CLANG_ANALYZER_NONNULL = YES;
				CLANG_ANALYZER_NUMBER_OBJECT_CONVERSION = YES_AGGRESSIVE;
				CLANG_CXX_LANGUAGE_STANDARD = "gnu++17";
				CLANG_CXX_LIBRARY = "libc++";
				CLANG_ENABLE_MODULES = YES;
				CLANG_ENABLE_OBJC_ARC = YES;
				CLANG_ENABLE_OBJC_WEAK = YES;
				CLANG_WARN_BLOCK_CAPTURE_AUTORELEASING = YES;
				CLANG_WARN_BOOL_CONVERSION = YES;
				CLANG_WARN_COMMA = YES;
				CLANG_WARN_CONSTANT_CONVERSION = YES;
				CLANG_WARN_DEPRECATED_OBJC_IMPLEMENTATIONS = YES;
				CLANG_WARN_DIRECT_OBJC_ISA_USAGE = YES_ERROR;
				CLANG_WARN_DOCUMENTATION_COMMENTS = YES;
				CLANG_WARN_EMPTY_BODY = YES;
				CLANG_WARN_ENUM_CONVERSION = YES;
				CLANG_WARN_INFINITE_RECURSION = YES;
				CLANG_WARN_INT_CONVERSION = YES;
				CLANG_WARN_NON_LITERAL_NULL_CONVERSION = YES;
				CLANG_WARN_OBJC_IMPLICIT_RETAIN_SELF = YES;
				CLANG_WARN_OBJC_LITERAL_CONVERSION = YES;
				CLANG_WARN_OBJC_ROOT_CLASS = YES_ERROR;
				CLANG_WARN_QUOTED_INCLUDE_IN_FRAMEWORK_HEADER = YES;
				CLANG_WARN_RANGE_LOOP_ANALYSIS = YES;
				CLANG_WARN_STRICT_PROTOTYPES = YES;
				CLANG_WARN_SUSPICIOUS_MOVE = YES;
				CLANG_WARN_UNGUARDED_AVAILABILITY = YES_AGGRESSIVE;
				CLANG_WARN_UNREACHABLE_CODE = YES;
				CLANG_WARN__DUPLICATE_METHOD_MATCH = YES;
				COPY_PHASE_STRIP = NO;
				DEBUG_INFORMATION_FORMAT = dwarf;
				ENABLE_STRICT_OBJC_MSGSEND = YES;
				ENABLE_TESTABILITY = YES;
				GCC_C_LANGUAGE_STANDARD = gnu11;
				GCC_DYNAMIC_NO_PIC = NO;
				GCC_NO_COMMON_BLOCKS = YES;
				GCC_OPTIMIZATION_LEVEL = 0;
				GCC_PREPROCESSOR_DEFINITIONS = (
					"DEBUG=1",
					"$(inherited)",
				);
				GCC_WARN_64_TO_32_BIT_CONVERSION = YES;
				GCC_WARN_ABOUT_RETURN_TYPE = YES_ERROR;
				GCC_WARN_UNDECLARED_SELECTOR = YES;
				GCC_WARN_UNINITIALIZED_AUTOS = YES_AGGRESSIVE;
				GCC_WARN_UNUSED_FUNCTION = YES;
				GCC_WARN_UNUSED_VARIABLE = YES;
				IPHONEOS_DEPLOYMENT_TARGET = 15.0;
				MTL_ENABLE_DEBUG_INFO = INCLUDE_SOURCE;
				MTL_FAST_MATH = YES;
				ONLY_ACTIVE_ARCH = YES;
				SDKROOT = iphoneos;
				SWIFT_ACTIVE_COMPILATION_CONDITIONS = DEBUG;
				SWIFT_OPTIMIZATION_LEVEL = "-Onone";
			};
			name = Debug;
		};
		A5B6165B279F275A00B21167 /* Release */ = {
			isa = XCBuildConfiguration;
			baseConfigurationReference = A5C7E5A2279F6A1C000F3966 /* Config.xcconfig */;
			buildSettings = {
				ALWAYS_SEARCH_USER_PATHS = NO;
				CLANG_ANALYZER_NONNULL = YES;
				CLANG_ANALYZER_NUMBER_OBJECT_CONVERSION = YES_AGGRESSIVE;
				CLANG_CXX_LANGUAGE_STANDARD = "gnu++17";
				CLANG_CXX_LIBRARY = "libc++";
				CLANG_ENABLE_MODULES = YES;
				CLANG_ENABLE_OBJC_ARC = YES;
				CLANG_ENABLE_OBJC_WEAK = YES;
				CLANG_WARN_BLOCK_CAPTURE_AUTORELEASING = YES;
				CLANG_WARN_BOOL_CONVERSION = YES;
				CLANG_WARN_COMMA = YES;
				CLANG_WARN_CONSTANT_CONVERSION = YES;
				CLANG_WARN_DEPRECATED_OBJC_IMPLEMENTATIONS = YES;
				CLANG_WARN_DIRECT_OBJC_ISA_USAGE = YES_ERROR;
				CLANG_WARN_DOCUMENTATION_COMMENTS = YES;
				CLANG_WARN_EMPTY_BODY = YES;
				CLANG_WARN_ENUM_CONVERSION = YES;
				CLANG_WARN_INFINITE_RECURSION = YES;
				CLANG_WARN_INT_CONVERSION = YES;
				CLANG_WARN_NON_LITERAL_NULL_CONVERSION = YES;
				CLANG_WARN_OBJC_IMPLICIT_RETAIN_SELF = YES;
				CLANG_WARN_OBJC_LITERAL_CONVERSION = YES;
				CLANG_WARN_OBJC_ROOT_CLASS = YES_ERROR;
				CLANG_WARN_QUOTED_INCLUDE_IN_FRAMEWORK_HEADER = YES;
				CLANG_WARN_RANGE_LOOP_ANALYSIS = YES;
				CLANG_WARN_STRICT_PROTOTYPES = YES;
				CLANG_WARN_SUSPICIOUS_MOVE = YES;
				CLANG_WARN_UNGUARDED_AVAILABILITY = YES_AGGRESSIVE;
				CLANG_WARN_UNREACHABLE_CODE = YES;
				CLANG_WARN__DUPLICATE_METHOD_MATCH = YES;
				COPY_PHASE_STRIP = NO;
				DEBUG_INFORMATION_FORMAT = "dwarf-with-dsym";
				ENABLE_NS_ASSERTIONS = NO;
				ENABLE_STRICT_OBJC_MSGSEND = YES;
				GCC_C_LANGUAGE_STANDARD = gnu11;
				GCC_NO_COMMON_BLOCKS = YES;
				GCC_WARN_64_TO_32_BIT_CONVERSION = YES;
				GCC_WARN_ABOUT_RETURN_TYPE = YES_ERROR;
				GCC_WARN_UNDECLARED_SELECTOR = YES;
				GCC_WARN_UNINITIALIZED_AUTOS = YES_AGGRESSIVE;
				GCC_WARN_UNUSED_FUNCTION = YES;
				GCC_WARN_UNUSED_VARIABLE = YES;
				IPHONEOS_DEPLOYMENT_TARGET = 15.0;
				MTL_ENABLE_DEBUG_INFO = NO;
				MTL_FAST_MATH = YES;
				SDKROOT = iphoneos;
				SWIFT_COMPILATION_MODE = wholemodule;
				SWIFT_OPTIMIZATION_LEVEL = "-O";
				VALIDATE_PRODUCT = YES;
			};
			name = Release;
		};
		A5B6165D279F275A00B21167 /* Debug */ = {
			isa = XCBuildConfiguration;
			baseConfigurationReference = A5C7E5A2279F6A1C000F3966 /* Config.xcconfig */;
			buildSettings = {
				ASSETCATALOG_COMPILER_APPICON_NAME = AppIcon;
				ASSETCATALOG_COMPILER_GLOBAL_ACCENT_COLOR_NAME = AccentColor;
				CODE_SIGN_STYLE = Automatic;
				CURRENT_PROJECT_VERSION = 1;
				GENERATE_INFOPLIST_FILE = YES;
				INFOPLIST_FILE = CleanArchitecture/Resources/Info.plist;
				INFOPLIST_KEY_UIApplicationSupportsIndirectInputEvents = YES;
				INFOPLIST_KEY_UILaunchStoryboardName = LaunchScreen;
				INFOPLIST_KEY_UIMainStoryboardFile = Main;
				INFOPLIST_KEY_UISupportedInterfaceOrientations_iPad = "UIInterfaceOrientationPortrait UIInterfaceOrientationPortraitUpsideDown UIInterfaceOrientationLandscapeLeft UIInterfaceOrientationLandscapeRight";
				INFOPLIST_KEY_UISupportedInterfaceOrientations_iPhone = "UIInterfaceOrientationPortrait UIInterfaceOrientationLandscapeLeft UIInterfaceOrientationLandscapeRight";
				LD_RUNPATH_SEARCH_PATHS = (
					"$(inherited)",
					"@executable_path/Frameworks",
				);
				MARKETING_VERSION = 1.0;
				PRODUCT_BUNDLE_IDENTIFIER = com.alliston.CleanArchitecture;
				PRODUCT_NAME = "$(TARGET_NAME)";
				SWIFT_EMIT_LOC_STRINGS = YES;
				SWIFT_VERSION = 5.0;
				TARGETED_DEVICE_FAMILY = "1,2";
			};
			name = Debug;
		};
		A5B6165E279F275A00B21167 /* Release */ = {
			isa = XCBuildConfiguration;
			baseConfigurationReference = A5C7E5A2279F6A1C000F3966 /* Config.xcconfig */;
			buildSettings = {
				ASSETCATALOG_COMPILER_APPICON_NAME = AppIcon;
				ASSETCATALOG_COMPILER_GLOBAL_ACCENT_COLOR_NAME = AccentColor;
				CODE_SIGN_STYLE = Automatic;
				CURRENT_PROJECT_VERSION = 1;
				GENERATE_INFOPLIST_FILE = YES;
				INFOPLIST_FILE = CleanArchitecture/Resources/Info.plist;
				INFOPLIST_KEY_UIApplicationSupportsIndirectInputEvents = YES;
				INFOPLIST_KEY_UILaunchStoryboardName = LaunchScreen;
				INFOPLIST_KEY_UIMainStoryboardFile = Main;
				INFOPLIST_KEY_UISupportedInterfaceOrientations_iPad = "UIInterfaceOrientationPortrait UIInterfaceOrientationPortraitUpsideDown UIInterfaceOrientationLandscapeLeft UIInterfaceOrientationLandscapeRight";
				INFOPLIST_KEY_UISupportedInterfaceOrientations_iPhone = "UIInterfaceOrientationPortrait UIInterfaceOrientationLandscapeLeft UIInterfaceOrientationLandscapeRight";
				LD_RUNPATH_SEARCH_PATHS = (
					"$(inherited)",
					"@executable_path/Frameworks",
				);
				MARKETING_VERSION = 1.0;
				PRODUCT_BUNDLE_IDENTIFIER = com.alliston.CleanArchitecture;
				PRODUCT_NAME = "$(TARGET_NAME)";
				SWIFT_EMIT_LOC_STRINGS = YES;
				SWIFT_VERSION = 5.0;
				TARGETED_DEVICE_FAMILY = "1,2";
			};
			name = Release;
		};
/* End XCBuildConfiguration section */

/* Begin XCConfigurationList section */
		A5B61643279F275700B21167 /* Build configuration list for PBXProject "CleanArchitecture" */ = {
			isa = XCConfigurationList;
			buildConfigurations = (
				A5B6165A279F275A00B21167 /* Debug */,
				A5B6165B279F275A00B21167 /* Release */,
			);
			defaultConfigurationIsVisible = 0;
			defaultConfigurationName = Release;
		};
		A5B6165C279F275A00B21167 /* Build configuration list for PBXNativeTarget "CleanArchitecture" */ = {
			isa = XCConfigurationList;
			buildConfigurations = (
				A5B6165D279F275A00B21167 /* Debug */,
				A5B6165E279F275A00B21167 /* Release */,
			);
			defaultConfigurationIsVisible = 0;
			defaultConfigurationName = Release;
		};
/* End XCConfigurationList section */
	};
	rootObject = A5B61640279F275700B21167 /* Project object */;
}
